// !$*UTF8*$!
{
	archiveVersion = 1;
	classes = {
	};
	objectVersion = 56;
	objects = {

/* Begin PBXBuildFile section */
		0227BE842CC5EC7100641642 /* yolov8s_custom_structure_all_best.mlpackage in Sources */ = {isa = PBXBuildFile; fileRef = 0227BE832CC5EC7100641642 /* yolov8s_custom_structure_all_best.mlpackage */; };
		0228E67A2CC89A4C00359D2A /* Settings.bundle in Resources */ = {isa = PBXBuildFile; fileRef = 0228E6792CC89A4C00359D2A /* Settings.bundle */; };
		0228E67E2CC8A1AF00359D2A /* license_plist.yml in Resources */ = {isa = PBXBuildFile; fileRef = 0228E67D2CC8A1AD00359D2A /* license_plist.yml */; };
		024CE1632CCB82680064201E /* CommonLoadingAlertView.swift in Sources */ = {isa = PBXBuildFile; fileRef = 024CE1622CCB82680064201E /* CommonLoadingAlertView.swift */; };
		024CE1652CCB82EB0064201E /* OCR.swift in Sources */ = {isa = PBXBuildFile; fileRef = 024CE1642CCB82EB0064201E /* OCR.swift */; };
		024CE1672CCB832B0064201E /* TableStructureDetector.swift in Sources */ = {isa = PBXBuildFile; fileRef = 024CE1662CCB832B0064201E /* TableStructureDetector.swift */; };
		024CE1692CCB83630064201E /* WordListGenerator.swift in Sources */ = {isa = PBXBuildFile; fileRef = 024CE1682CCB83630064201E /* WordListGenerator.swift */; };
		024CE16B2CCB83F30064201E /* MeaningDetector.swift in Sources */ = {isa = PBXBuildFile; fileRef = 024CE16A2CCB83F30064201E /* MeaningDetector.swift */; };
		024CE16D2CCB84400064201E /* WordListRow2WordStoreItemConverter.swift in Sources */ = {isa = PBXBuildFile; fileRef = 024CE16C2CCB84400064201E /* WordListRow2WordStoreItemConverter.swift */; };
		027F28AB2CC56E350048F9A4 /* Img2WordList.swift in Sources */ = {isa = PBXBuildFile; fileRef = 027F28AA2CC56E030048F9A4 /* Img2WordList.swift */; };
		02FF16F92CCB7ECC00C06BA9 /* Path.swift in Sources */ = {isa = PBXBuildFile; fileRef = 02FF16F82CCB7EC900C06BA9 /* Path.swift */; };
		02FF17012CCB7F7400C06BA9 /* WebReplaceListSettingsView.swift in Sources */ = {isa = PBXBuildFile; fileRef = 02FF17002CCB7F7400C06BA9 /* WebReplaceListSettingsView.swift */; };
		8C0E034D2C688C0B004BB413 /* AddWordsFromAutoView.swift in Sources */ = {isa = PBXBuildFile; fileRef = 8C0E034C2C688C0B004BB413 /* AddWordsFromAutoView.swift */; };
		8C0E034F2C688DB2004BB413 /* WordStoreItem.swift in Sources */ = {isa = PBXBuildFile; fileRef = 8C0E034E2C688DB2004BB413 /* WordStoreItem.swift */; };
		8C3590EA2C68F2F000292565 /* ExampleSentenceGeneration.swift in Sources */ = {isa = PBXBuildFile; fileRef = 8C3590E92C68F2F000292565 /* ExampleSentenceGeneration.swift */; };
		8C3590ED2C68F58F00292565 /* MLX in Frameworks */ = {isa = PBXBuildFile; productRef = 8C3590EC2C68F58F00292565 /* MLX */; };
		8C3590EF2C68F58F00292565 /* MLXRandom in Frameworks */ = {isa = PBXBuildFile; productRef = 8C3590EE2C68F58F00292565 /* MLXRandom */; };
		8C3590F22C68F64300292565 /* LLM in Frameworks */ = {isa = PBXBuildFile; productRef = 8C3590F12C68F64300292565 /* LLM */; };
		8C3590F42C68F6C700292565 /* DeviceStat.swift in Sources */ = {isa = PBXBuildFile; fileRef = 8C3590F32C68F6C700292565 /* DeviceStat.swift */; };
		8C4CB41E2C81A72A00B70244 /* SpeechUtteranceButton.swift in Sources */ = {isa = PBXBuildFile; fileRef = 8C4CB41D2C81A72A00B70244 /* SpeechUtteranceButton.swift */; };
		8C4CB4212C81AC9D00B70244 /* ViewExtension.swift in Sources */ = {isa = PBXBuildFile; fileRef = 8C4CB4202C81AC9D00B70244 /* ViewExtension.swift */; };
		8C4CB4292C81AF8300B70244 /* ShareViewController.swift in Sources */ = {isa = PBXBuildFile; fileRef = 8C4CB4282C81AF8300B70244 /* ShareViewController.swift */; };
		8C4CB4302C81AF8300B70244 /* ShareToWordbook.appex in Embed Foundation Extensions */ = {isa = PBXBuildFile; fileRef = 8C4CB4262C81AF8300B70244 /* ShareToWordbook.appex */; settings = {ATTRIBUTES = (RemoveHeadersOnCopy, ); }; };
		8C4CB4372C81B51E00B70244 /* ShareExtensionView.swift in Sources */ = {isa = PBXBuildFile; fileRef = 8C4CB4362C81B51E00B70244 /* ShareExtensionView.swift */; };
		8C5830312C797617003A52A6 /* FavoriteToggleStyle.swift in Sources */ = {isa = PBXBuildFile; fileRef = 8C5830302C797617003A52A6 /* FavoriteToggleStyle.swift */; };
		8C8458B52C8858B00077567D /* PopoverContainerLayout.swift in Sources */ = {isa = PBXBuildFile; fileRef = 8C8458B42C8858B00077567D /* PopoverContainerLayout.swift */; };
		8C8945A52C8723CD0008A79D /* SettingsStoreService.swift in Sources */ = {isa = PBXBuildFile; fileRef = 8CC086172C77767700AA6CB5 /* SettingsStoreService.swift */; };
		8C8B499B2C928F220058B08F /* AddWordsFromTapView.swift in Sources */ = {isa = PBXBuildFile; fileRef = 8C8B499A2C928F220058B08F /* AddWordsFromTapView.swift */; };
		8C8B49A02C92F51D0058B08F /* AddMeaningsFromTapView.swift in Sources */ = {isa = PBXBuildFile; fileRef = 8C8B499F2C92F51D0058B08F /* AddMeaningsFromTapView.swift */; };
		8C8B49A22C92FAED0058B08F /* TextTapResultView.swift in Sources */ = {isa = PBXBuildFile; fileRef = 8C8B49A12C92FAED0058B08F /* TextTapResultView.swift */; };
		8C91A2882C8768CD00EFD5B2 /* DictionaryService.swift in Sources */ = {isa = PBXBuildFile; fileRef = 8CC139492C7CA45300700DF9 /* DictionaryService.swift */; };
		8C91A2892C8768D100EFD5B2 /* DictionaryModel.swift in Sources */ = {isa = PBXBuildFile; fileRef = 8CC1394E2C7CA9FE00700DF9 /* DictionaryModel.swift */; };
		8C91A28B2C8769FE00EFD5B2 /* GRDB in Frameworks */ = {isa = PBXBuildFile; productRef = 8C91A28A2C8769FE00EFD5B2 /* GRDB */; };
		8C91A28C2C876B3D00EFD5B2 /* ejdict.sqlite3 in Resources */ = {isa = PBXBuildFile; fileRef = 8CC139512C7CAD8400700DF9 /* ejdict.sqlite3 */; };
		8C93DC762C63B84D00B60239 /* WordbookApp.swift in Sources */ = {isa = PBXBuildFile; fileRef = 8C93DC752C63B84D00B60239 /* WordbookApp.swift */; };
		8C93DC7C2C63B84F00B60239 /* Assets.xcassets in Resources */ = {isa = PBXBuildFile; fileRef = 8C93DC7B2C63B84F00B60239 /* Assets.xcassets */; };
		8C93DC7F2C63B84F00B60239 /* Preview Assets.xcassets in Resources */ = {isa = PBXBuildFile; fileRef = 8C93DC7E2C63B84F00B60239 /* Preview Assets.xcassets */; };
		8C93DC892C63B84F00B60239 /* WordbookTests.swift in Sources */ = {isa = PBXBuildFile; fileRef = 8C93DC882C63B84F00B60239 /* WordbookTests.swift */; };
		8C93DC932C63B84F00B60239 /* WordbookUITests.swift in Sources */ = {isa = PBXBuildFile; fileRef = 8C93DC922C63B84F00B60239 /* WordbookUITests.swift */; };
		8C93DC952C63B84F00B60239 /* WordbookUITestsLaunchTests.swift in Sources */ = {isa = PBXBuildFile; fileRef = 8C93DC942C63B84F00B60239 /* WordbookUITestsLaunchTests.swift */; };
		8C93DCAA2C63BB0D00B60239 /* MainTab.swift in Sources */ = {isa = PBXBuildFile; fileRef = 8C93DCA92C63BB0D00B60239 /* MainTab.swift */; };
		8C93DCAC2C63BDDE00B60239 /* MainTabType.swift in Sources */ = {isa = PBXBuildFile; fileRef = 8C93DCAB2C63BDDE00B60239 /* MainTabType.swift */; };
		8C93DCB22C63C27300B60239 /* QuizView.swift in Sources */ = {isa = PBXBuildFile; fileRef = 8C93DCB12C63C27300B60239 /* QuizView.swift */; };
		8C93DCB42C63C29200B60239 /* WordbookListView.swift in Sources */ = {isa = PBXBuildFile; fileRef = 8C93DCB32C63C29200B60239 /* WordbookListView.swift */; };
		8C93DCB62C63C2AF00B60239 /* AddWordsView.swift in Sources */ = {isa = PBXBuildFile; fileRef = 8C93DCB52C63C2AF00B60239 /* AddWordsView.swift */; };
		8C93DCB82C63C2C700B60239 /* SettingsView.swift in Sources */ = {isa = PBXBuildFile; fileRef = 8C93DCB72C63C2C700B60239 /* SettingsView.swift */; };
		8C967DF92C8053E600DDDF05 /* StackSwipableCardView.swift in Sources */ = {isa = PBXBuildFile; fileRef = 8C967DF82C8053E600DDDF05 /* StackSwipableCardView.swift */; };
		8C967DFE2C80548700DDDF05 /* StackSwipableCardConfiguration.swift in Sources */ = {isa = PBXBuildFile; fileRef = 8C967DFD2C80548700DDDF05 /* StackSwipableCardConfiguration.swift */; };
		8C967E012C805A1B00DDDF05 /* WordSwipeView.swift in Sources */ = {isa = PBXBuildFile; fileRef = 8C967E002C805A1B00DDDF05 /* WordSwipeView.swift */; };
		8C967E032C80614A00DDDF05 /* FlipView.swift in Sources */ = {isa = PBXBuildFile; fileRef = 8C967E022C80614A00DDDF05 /* FlipView.swift */; };
		8C973DBD2C82B90F001198F9 /* ShareScript.js in Resources */ = {isa = PBXBuildFile; fileRef = 8C973DBC2C82B90F001198F9 /* ShareScript.js */; };
		8C973DC02C841DE1001198F9 /* ExtractWord.swift in Sources */ = {isa = PBXBuildFile; fileRef = 8C973DBF2C841DE1001198F9 /* ExtractWord.swift */; };
		8C9F6FB62C87F080004C7315 /* RandomWordView.swift in Sources */ = {isa = PBXBuildFile; fileRef = 8C9F6FB52C87F080004C7315 /* RandomWordView.swift */; };
		8C9F6FBC2C8820F9004C7315 /* UIColorExtension.swift in Sources */ = {isa = PBXBuildFile; fileRef = 8C9F6FBB2C8820F9004C7315 /* UIColorExtension.swift */; };
		8CA09C4B2C85E4EB00B244A1 /* ModelFileManagement.swift in Sources */ = {isa = PBXBuildFile; fileRef = 8CA09C4A2C85E4EB00B244A1 /* ModelFileManagement.swift */; };
		8CA59EBC2C918F2100822895 /* RelatedWordsView.swift in Sources */ = {isa = PBXBuildFile; fileRef = 8CA59EBB2C918F2100822895 /* RelatedWordsView.swift */; };
		8CB215D42C93091D00D20775 /* ZoomableContainer.swift in Sources */ = {isa = PBXBuildFile; fileRef = 8CB215D32C93091D00D20775 /* ZoomableContainer.swift */; };
		8CC0860F2C76DCAC00AA6CB5 /* WordStoreService.swift in Sources */ = {isa = PBXBuildFile; fileRef = 8CC0860E2C76DCAC00AA6CB5 /* WordStoreService.swift */; };
		8CC086112C76ED8A00AA6CB5 /* WordListView.swift in Sources */ = {isa = PBXBuildFile; fileRef = 8CC086102C76ED8A00AA6CB5 /* WordListView.swift */; };
		8CC086132C772EFD00AA6CB5 /* CommonTagSelectionView.swift in Sources */ = {isa = PBXBuildFile; fileRef = 8CC086122C772EFD00AA6CB5 /* CommonTagSelectionView.swift */; };
		8CC086152C776E2200AA6CB5 /* SettingViewModel.swift in Sources */ = {isa = PBXBuildFile; fileRef = 8CC086142C776E2200AA6CB5 /* SettingViewModel.swift */; };
		8CC086182C77767700AA6CB5 /* SettingsStoreService.swift in Sources */ = {isa = PBXBuildFile; fileRef = 8CC086172C77767700AA6CB5 /* SettingsStoreService.swift */; };
		8CC1394A2C7CA45300700DF9 /* DictionaryService.swift in Sources */ = {isa = PBXBuildFile; fileRef = 8CC139492C7CA45300700DF9 /* DictionaryService.swift */; };
		8CC1394D2C7CA67600700DF9 /* GRDB in Frameworks */ = {isa = PBXBuildFile; productRef = 8CC1394C2C7CA67600700DF9 /* GRDB */; };
		8CC1394F2C7CA9FE00700DF9 /* DictionaryModel.swift in Sources */ = {isa = PBXBuildFile; fileRef = 8CC1394E2C7CA9FE00700DF9 /* DictionaryModel.swift */; };
		8CC139522C7CAD8400700DF9 /* ejdict.sqlite3 in Resources */ = {isa = PBXBuildFile; fileRef = 8CC139512C7CAD8400700DF9 /* ejdict.sqlite3 */; };
		8CC139552C7CBA8300700DF9 /* CommonWordEditView.swift in Sources */ = {isa = PBXBuildFile; fileRef = 8CC139542C7CBA8300700DF9 /* CommonWordEditView.swift */; };
		8CDF96D92C6460F800D691E7 /* AddWordsFromTextView.swift in Sources */ = {isa = PBXBuildFile; fileRef = 8CDF96D82C6460F800D691E7 /* AddWordsFromTextView.swift */; };
		8CDF96DC2C6479A900D691E7 /* OCROptionSheet.swift in Sources */ = {isa = PBXBuildFile; fileRef = 8CDF96DB2C6479A900D691E7 /* OCROptionSheet.swift */; };
		8CDF96DE2C648D8400D691E7 /* OCROption.swift in Sources */ = {isa = PBXBuildFile; fileRef = 8CDF96DD2C648D8400D691E7 /* OCROption.swift */; };
		8CE0528B2C845DE2009A1251 /* WordStoreItem.swift in Sources */ = {isa = PBXBuildFile; fileRef = 8C0E034E2C688DB2004BB413 /* WordStoreItem.swift */; };
		8CE0528C2C845DE5009A1251 /* WordStoreService.swift in Sources */ = {isa = PBXBuildFile; fileRef = 8CC0860E2C76DCAC00AA6CB5 /* WordStoreService.swift */; };
		8CE052922C84687F009A1251 /* SharedModelContainer.swift in Sources */ = {isa = PBXBuildFile; fileRef = 8CE052912C84687F009A1251 /* SharedModelContainer.swift */; };
		8CE052932C846896009A1251 /* SharedModelContainer.swift in Sources */ = {isa = PBXBuildFile; fileRef = 8CE052912C84687F009A1251 /* SharedModelContainer.swift */; };
		8CE052952C8469DB009A1251 /* TagSelectionView.swift in Sources */ = {isa = PBXBuildFile; fileRef = 8CE052942C8469DB009A1251 /* TagSelectionView.swift */; };
		8CE052972C847C4E009A1251 /* Tag.swift in Sources */ = {isa = PBXBuildFile; fileRef = 8CE052962C847C4E009A1251 /* Tag.swift */; };
		8CE052982C847C6C009A1251 /* Tag.swift in Sources */ = {isa = PBXBuildFile; fileRef = 8CE052962C847C4E009A1251 /* Tag.swift */; };
		8CE0529D2C848FF6009A1251 /* WebView.swift in Sources */ = {isa = PBXBuildFile; fileRef = 8CE0529C2C848FF6009A1251 /* WebView.swift */; };
		8CEB97972C784A950002896B /* CheckBoxToggleStyle.swift in Sources */ = {isa = PBXBuildFile; fileRef = 8CEB97962C784A950002896B /* CheckBoxToggleStyle.swift */; };
		8CED1F2B2C6FAA7300327F0E /* CameraView.swift in Sources */ = {isa = PBXBuildFile; fileRef = 8CED1F2A2C6FAA7300327F0E /* CameraView.swift */; };
/* End PBXBuildFile section */

/* Begin PBXContainerItemProxy section */
		8C4CB42E2C81AF8300B70244 /* PBXContainerItemProxy */ = {
			isa = PBXContainerItemProxy;
			containerPortal = 8C93DC6A2C63B84D00B60239 /* Project object */;
			proxyType = 1;
			remoteGlobalIDString = 8C4CB4252C81AF8300B70244;
			remoteInfo = ShareToWordbook;
		};
		8C93DC852C63B84F00B60239 /* PBXContainerItemProxy */ = {
			isa = PBXContainerItemProxy;
			containerPortal = 8C93DC6A2C63B84D00B60239 /* Project object */;
			proxyType = 1;
			remoteGlobalIDString = 8C93DC712C63B84D00B60239;
			remoteInfo = Wordbook;
		};
		8C93DC8F2C63B84F00B60239 /* PBXContainerItemProxy */ = {
			isa = PBXContainerItemProxy;
			containerPortal = 8C93DC6A2C63B84D00B60239 /* Project object */;
			proxyType = 1;
			remoteGlobalIDString = 8C93DC712C63B84D00B60239;
			remoteInfo = Wordbook;
		};
/* End PBXContainerItemProxy section */

/* Begin PBXCopyFilesBuildPhase section */
		8C4CB4342C81AF8300B70244 /* Embed Foundation Extensions */ = {
			isa = PBXCopyFilesBuildPhase;
			buildActionMask = 2147483647;
			dstPath = "";
			dstSubfolderSpec = 13;
			files = (
				8C4CB4302C81AF8300B70244 /* ShareToWordbook.appex in Embed Foundation Extensions */,
			);
			name = "Embed Foundation Extensions";
			runOnlyForDeploymentPostprocessing = 0;
		};
		8C973DE72C843B0B001198F9 /* Embed Frameworks */ = {
			isa = PBXCopyFilesBuildPhase;
			buildActionMask = 2147483647;
			dstPath = "";
			dstSubfolderSpec = 10;
			files = (
			);
			name = "Embed Frameworks";
			runOnlyForDeploymentPostprocessing = 0;
		};
/* End PBXCopyFilesBuildPhase section */

/* Begin PBXFileReference section */
		0227BE832CC5EC7100641642 /* yolov8s_custom_structure_all_best.mlpackage */ = {isa = PBXFileReference; lastKnownFileType = folder.mlpackage; path = yolov8s_custom_structure_all_best.mlpackage; sourceTree = "<group>"; };
		0228E6792CC89A4C00359D2A /* Settings.bundle */ = {isa = PBXFileReference; lastKnownFileType = "wrapper.plug-in"; path = Settings.bundle; sourceTree = "<group>"; };
		0228E67D2CC8A1AD00359D2A /* license_plist.yml */ = {isa = PBXFileReference; lastKnownFileType = text.yaml; path = license_plist.yml; sourceTree = "<group>"; };
		024CE1622CCB82680064201E /* CommonLoadingAlertView.swift */ = {isa = PBXFileReference; lastKnownFileType = sourcecode.swift; path = CommonLoadingAlertView.swift; sourceTree = "<group>"; };
		024CE1642CCB82EB0064201E /* OCR.swift */ = {isa = PBXFileReference; lastKnownFileType = sourcecode.swift; path = OCR.swift; sourceTree = "<group>"; };
		024CE1662CCB832B0064201E /* TableStructureDetector.swift */ = {isa = PBXFileReference; lastKnownFileType = sourcecode.swift; path = TableStructureDetector.swift; sourceTree = "<group>"; };
		024CE1682CCB83630064201E /* WordListGenerator.swift */ = {isa = PBXFileReference; lastKnownFileType = sourcecode.swift; path = WordListGenerator.swift; sourceTree = "<group>"; };
		024CE16A2CCB83F30064201E /* MeaningDetector.swift */ = {isa = PBXFileReference; lastKnownFileType = sourcecode.swift; path = MeaningDetector.swift; sourceTree = "<group>"; };
		024CE16C2CCB84400064201E /* WordListRow2WordStoreItemConverter.swift */ = {isa = PBXFileReference; lastKnownFileType = sourcecode.swift; path = WordListRow2WordStoreItemConverter.swift; sourceTree = "<group>"; };
		027F28AA2CC56E030048F9A4 /* Img2WordList.swift */ = {isa = PBXFileReference; lastKnownFileType = sourcecode.swift; path = Img2WordList.swift; sourceTree = "<group>"; };
		02FF16F82CCB7EC900C06BA9 /* Path.swift */ = {isa = PBXFileReference; lastKnownFileType = sourcecode.swift; path = Path.swift; sourceTree = "<group>"; };
		02FF17002CCB7F7400C06BA9 /* WebReplaceListSettingsView.swift */ = {isa = PBXFileReference; lastKnownFileType = sourcecode.swift; path = WebReplaceListSettingsView.swift; sourceTree = "<group>"; };
		8C0E034C2C688C0B004BB413 /* AddWordsFromAutoView.swift */ = {isa = PBXFileReference; lastKnownFileType = sourcecode.swift; path = AddWordsFromAutoView.swift; sourceTree = "<group>"; };
		8C0E034E2C688DB2004BB413 /* WordStoreItem.swift */ = {isa = PBXFileReference; lastKnownFileType = sourcecode.swift; path = WordStoreItem.swift; sourceTree = "<group>"; };
		8C3590E92C68F2F000292565 /* ExampleSentenceGeneration.swift */ = {isa = PBXFileReference; lastKnownFileType = sourcecode.swift; path = ExampleSentenceGeneration.swift; sourceTree = "<group>"; };
		8C3590F32C68F6C700292565 /* DeviceStat.swift */ = {isa = PBXFileReference; fileEncoding = 4; lastKnownFileType = sourcecode.swift; path = DeviceStat.swift; sourceTree = "<group>"; };
		8C4CB41D2C81A72A00B70244 /* SpeechUtteranceButton.swift */ = {isa = PBXFileReference; lastKnownFileType = sourcecode.swift; path = SpeechUtteranceButton.swift; sourceTree = "<group>"; };
		8C4CB4202C81AC9D00B70244 /* ViewExtension.swift */ = {isa = PBXFileReference; lastKnownFileType = sourcecode.swift; path = ViewExtension.swift; sourceTree = "<group>"; };
		8C4CB4262C81AF8300B70244 /* ShareToWordbook.appex */ = {isa = PBXFileReference; explicitFileType = "wrapper.app-extension"; includeInIndex = 0; path = ShareToWordbook.appex; sourceTree = BUILT_PRODUCTS_DIR; };
		8C4CB4282C81AF8300B70244 /* ShareViewController.swift */ = {isa = PBXFileReference; lastKnownFileType = sourcecode.swift; path = ShareViewController.swift; sourceTree = "<group>"; };
		8C4CB42D2C81AF8300B70244 /* Info.plist */ = {isa = PBXFileReference; lastKnownFileType = text.plist.xml; path = Info.plist; sourceTree = "<group>"; };
		8C4CB4362C81B51E00B70244 /* ShareExtensionView.swift */ = {isa = PBXFileReference; lastKnownFileType = sourcecode.swift; path = ShareExtensionView.swift; sourceTree = "<group>"; };
		8C5830302C797617003A52A6 /* FavoriteToggleStyle.swift */ = {isa = PBXFileReference; lastKnownFileType = sourcecode.swift; path = FavoriteToggleStyle.swift; sourceTree = "<group>"; };
		8C8458B42C8858B00077567D /* PopoverContainerLayout.swift */ = {isa = PBXFileReference; lastKnownFileType = sourcecode.swift; path = PopoverContainerLayout.swift; sourceTree = "<group>"; };
		8C8B499A2C928F220058B08F /* AddWordsFromTapView.swift */ = {isa = PBXFileReference; lastKnownFileType = sourcecode.swift; path = AddWordsFromTapView.swift; sourceTree = "<group>"; };
		8C8B499F2C92F51D0058B08F /* AddMeaningsFromTapView.swift */ = {isa = PBXFileReference; lastKnownFileType = sourcecode.swift; path = AddMeaningsFromTapView.swift; sourceTree = "<group>"; };
		8C8B49A12C92FAED0058B08F /* TextTapResultView.swift */ = {isa = PBXFileReference; lastKnownFileType = sourcecode.swift; path = TextTapResultView.swift; sourceTree = "<group>"; };
		8C93DC722C63B84D00B60239 /* Wordbook.app */ = {isa = PBXFileReference; explicitFileType = wrapper.application; includeInIndex = 0; path = Wordbook.app; sourceTree = BUILT_PRODUCTS_DIR; };
		8C93DC752C63B84D00B60239 /* WordbookApp.swift */ = {isa = PBXFileReference; lastKnownFileType = sourcecode.swift; path = WordbookApp.swift; sourceTree = "<group>"; };
		8C93DC7B2C63B84F00B60239 /* Assets.xcassets */ = {isa = PBXFileReference; lastKnownFileType = folder.assetcatalog; path = Assets.xcassets; sourceTree = "<group>"; };
		8C93DC7E2C63B84F00B60239 /* Preview Assets.xcassets */ = {isa = PBXFileReference; lastKnownFileType = folder.assetcatalog; path = "Preview Assets.xcassets"; sourceTree = "<group>"; };
		8C93DC842C63B84F00B60239 /* WordbookTests.xctest */ = {isa = PBXFileReference; explicitFileType = wrapper.cfbundle; includeInIndex = 0; path = WordbookTests.xctest; sourceTree = BUILT_PRODUCTS_DIR; };
		8C93DC882C63B84F00B60239 /* WordbookTests.swift */ = {isa = PBXFileReference; lastKnownFileType = sourcecode.swift; path = WordbookTests.swift; sourceTree = "<group>"; };
		8C93DC8E2C63B84F00B60239 /* WordbookUITests.xctest */ = {isa = PBXFileReference; explicitFileType = wrapper.cfbundle; includeInIndex = 0; path = WordbookUITests.xctest; sourceTree = BUILT_PRODUCTS_DIR; };
		8C93DC922C63B84F00B60239 /* WordbookUITests.swift */ = {isa = PBXFileReference; lastKnownFileType = sourcecode.swift; path = WordbookUITests.swift; sourceTree = "<group>"; };
		8C93DC942C63B84F00B60239 /* WordbookUITestsLaunchTests.swift */ = {isa = PBXFileReference; lastKnownFileType = sourcecode.swift; path = WordbookUITestsLaunchTests.swift; sourceTree = "<group>"; };
		8C93DCA92C63BB0D00B60239 /* MainTab.swift */ = {isa = PBXFileReference; lastKnownFileType = sourcecode.swift; path = MainTab.swift; sourceTree = "<group>"; };
		8C93DCAB2C63BDDE00B60239 /* MainTabType.swift */ = {isa = PBXFileReference; lastKnownFileType = sourcecode.swift; path = MainTabType.swift; sourceTree = "<group>"; };
		8C93DCB12C63C27300B60239 /* QuizView.swift */ = {isa = PBXFileReference; lastKnownFileType = sourcecode.swift; path = QuizView.swift; sourceTree = "<group>"; };
		8C93DCB32C63C29200B60239 /* WordbookListView.swift */ = {isa = PBXFileReference; lastKnownFileType = sourcecode.swift; path = WordbookListView.swift; sourceTree = "<group>"; };
		8C93DCB52C63C2AF00B60239 /* AddWordsView.swift */ = {isa = PBXFileReference; lastKnownFileType = sourcecode.swift; path = AddWordsView.swift; sourceTree = "<group>"; };
		8C93DCB72C63C2C700B60239 /* SettingsView.swift */ = {isa = PBXFileReference; lastKnownFileType = sourcecode.swift; path = SettingsView.swift; sourceTree = "<group>"; };
		8C967DF82C8053E600DDDF05 /* StackSwipableCardView.swift */ = {isa = PBXFileReference; lastKnownFileType = sourcecode.swift; path = StackSwipableCardView.swift; sourceTree = "<group>"; };
		8C967DFD2C80548700DDDF05 /* StackSwipableCardConfiguration.swift */ = {isa = PBXFileReference; lastKnownFileType = sourcecode.swift; path = StackSwipableCardConfiguration.swift; sourceTree = "<group>"; };
		8C967E002C805A1B00DDDF05 /* WordSwipeView.swift */ = {isa = PBXFileReference; lastKnownFileType = sourcecode.swift; path = WordSwipeView.swift; sourceTree = "<group>"; };
		8C967E022C80614A00DDDF05 /* FlipView.swift */ = {isa = PBXFileReference; lastKnownFileType = sourcecode.swift; path = FlipView.swift; sourceTree = "<group>"; };
		8C973DBC2C82B90F001198F9 /* ShareScript.js */ = {isa = PBXFileReference; lastKnownFileType = sourcecode.javascript; path = ShareScript.js; sourceTree = "<group>"; };
		8C973DBF2C841DE1001198F9 /* ExtractWord.swift */ = {isa = PBXFileReference; lastKnownFileType = sourcecode.swift; path = ExtractWord.swift; sourceTree = "<group>"; };
		8C9F6FB52C87F080004C7315 /* RandomWordView.swift */ = {isa = PBXFileReference; lastKnownFileType = sourcecode.swift; path = RandomWordView.swift; sourceTree = "<group>"; };
		8C9F6FBB2C8820F9004C7315 /* UIColorExtension.swift */ = {isa = PBXFileReference; lastKnownFileType = sourcecode.swift; path = UIColorExtension.swift; sourceTree = "<group>"; };
		8CA09C4A2C85E4EB00B244A1 /* ModelFileManagement.swift */ = {isa = PBXFileReference; lastKnownFileType = sourcecode.swift; path = ModelFileManagement.swift; sourceTree = "<group>"; };
		8CA59EBB2C918F2100822895 /* RelatedWordsView.swift */ = {isa = PBXFileReference; lastKnownFileType = sourcecode.swift; path = RelatedWordsView.swift; sourceTree = "<group>"; };
		8CB215D32C93091D00D20775 /* ZoomableContainer.swift */ = {isa = PBXFileReference; lastKnownFileType = sourcecode.swift; path = ZoomableContainer.swift; sourceTree = "<group>"; };
		8CC0860E2C76DCAC00AA6CB5 /* WordStoreService.swift */ = {isa = PBXFileReference; lastKnownFileType = sourcecode.swift; path = WordStoreService.swift; sourceTree = "<group>"; };
		8CC086102C76ED8A00AA6CB5 /* WordListView.swift */ = {isa = PBXFileReference; lastKnownFileType = sourcecode.swift; path = WordListView.swift; sourceTree = "<group>"; };
		8CC086122C772EFD00AA6CB5 /* CommonTagSelectionView.swift */ = {isa = PBXFileReference; lastKnownFileType = sourcecode.swift; path = CommonTagSelectionView.swift; sourceTree = "<group>"; };
		8CC086142C776E2200AA6CB5 /* SettingViewModel.swift */ = {isa = PBXFileReference; lastKnownFileType = sourcecode.swift; path = SettingViewModel.swift; sourceTree = "<group>"; };
		8CC086172C77767700AA6CB5 /* SettingsStoreService.swift */ = {isa = PBXFileReference; lastKnownFileType = sourcecode.swift; path = SettingsStoreService.swift; sourceTree = "<group>"; };
		8CC139492C7CA45300700DF9 /* DictionaryService.swift */ = {isa = PBXFileReference; lastKnownFileType = sourcecode.swift; path = DictionaryService.swift; sourceTree = "<group>"; };
		8CC1394E2C7CA9FE00700DF9 /* DictionaryModel.swift */ = {isa = PBXFileReference; lastKnownFileType = sourcecode.swift; path = DictionaryModel.swift; sourceTree = "<group>"; };
		8CC139512C7CAD8400700DF9 /* ejdict.sqlite3 */ = {isa = PBXFileReference; lastKnownFileType = file; path = ejdict.sqlite3; sourceTree = "<group>"; };
		8CC139542C7CBA8300700DF9 /* CommonWordEditView.swift */ = {isa = PBXFileReference; lastKnownFileType = sourcecode.swift; path = CommonWordEditView.swift; sourceTree = "<group>"; };
		8CDF96D82C6460F800D691E7 /* AddWordsFromTextView.swift */ = {isa = PBXFileReference; lastKnownFileType = sourcecode.swift; path = AddWordsFromTextView.swift; sourceTree = "<group>"; };
		8CDF96DB2C6479A900D691E7 /* OCROptionSheet.swift */ = {isa = PBXFileReference; lastKnownFileType = sourcecode.swift; path = OCROptionSheet.swift; sourceTree = "<group>"; };
		8CDF96DD2C648D8400D691E7 /* OCROption.swift */ = {isa = PBXFileReference; lastKnownFileType = sourcecode.swift; path = OCROption.swift; sourceTree = "<group>"; };
		8CE0528D2C845E9E009A1251 /* Wordbook.entitlements */ = {isa = PBXFileReference; lastKnownFileType = text.plist.entitlements; path = Wordbook.entitlements; sourceTree = "<group>"; };
		8CE0528E2C845EAF009A1251 /* ShareToWordbook.entitlements */ = {isa = PBXFileReference; lastKnownFileType = text.plist.entitlements; path = ShareToWordbook.entitlements; sourceTree = "<group>"; };
		8CE052912C84687F009A1251 /* SharedModelContainer.swift */ = {isa = PBXFileReference; lastKnownFileType = sourcecode.swift; path = SharedModelContainer.swift; sourceTree = "<group>"; };
		8CE052942C8469DB009A1251 /* TagSelectionView.swift */ = {isa = PBXFileReference; lastKnownFileType = sourcecode.swift; path = TagSelectionView.swift; sourceTree = "<group>"; };
		8CE052962C847C4E009A1251 /* Tag.swift */ = {isa = PBXFileReference; lastKnownFileType = sourcecode.swift; path = Tag.swift; sourceTree = "<group>"; };
		8CE0529C2C848FF6009A1251 /* WebView.swift */ = {isa = PBXFileReference; lastKnownFileType = sourcecode.swift; path = WebView.swift; sourceTree = "<group>"; };
		8CEB97962C784A950002896B /* CheckBoxToggleStyle.swift */ = {isa = PBXFileReference; lastKnownFileType = sourcecode.swift; path = CheckBoxToggleStyle.swift; sourceTree = "<group>"; };
		8CED1F2A2C6FAA7300327F0E /* CameraView.swift */ = {isa = PBXFileReference; lastKnownFileType = sourcecode.swift; path = CameraView.swift; sourceTree = "<group>"; };
/* End PBXFileReference section */

/* Begin PBXFrameworksBuildPhase section */
		8C4CB4232C81AF8300B70244 /* Frameworks */ = {
			isa = PBXFrameworksBuildPhase;
			buildActionMask = 2147483647;
			files = (
				8C91A28B2C8769FE00EFD5B2 /* GRDB in Frameworks */,
			);
			runOnlyForDeploymentPostprocessing = 0;
		};
		8C93DC6F2C63B84D00B60239 /* Frameworks */ = {
			isa = PBXFrameworksBuildPhase;
			buildActionMask = 2147483647;
			files = (
				8C3590F22C68F64300292565 /* LLM in Frameworks */,
				8C3590ED2C68F58F00292565 /* MLX in Frameworks */,
				8C3590EF2C68F58F00292565 /* MLXRandom in Frameworks */,
				8CC1394D2C7CA67600700DF9 /* GRDB in Frameworks */,
			);
			runOnlyForDeploymentPostprocessing = 0;
		};
		8C93DC812C63B84F00B60239 /* Frameworks */ = {
			isa = PBXFrameworksBuildPhase;
			buildActionMask = 2147483647;
			files = (
			);
			runOnlyForDeploymentPostprocessing = 0;
		};
		8C93DC8B2C63B84F00B60239 /* Frameworks */ = {
			isa = PBXFrameworksBuildPhase;
			buildActionMask = 2147483647;
			files = (
			);
			runOnlyForDeploymentPostprocessing = 0;
		};
/* End PBXFrameworksBuildPhase section */

/* Begin PBXGroup section */
		024CE1612CCB824A0064201E /* CommonLoadingAlertView */ = {
			isa = PBXGroup;
			children = (
				024CE1622CCB82680064201E /* CommonLoadingAlertView.swift */,
			);
			path = CommonLoadingAlertView;
			sourceTree = "<group>";
		};
		027F28A72CC55F110048F9A4 /* Img2WordList */ = {
			isa = PBXGroup;
			children = (
				027F28AA2CC56E030048F9A4 /* Img2WordList.swift */,
				024CE1642CCB82EB0064201E /* OCR.swift */,
				024CE1662CCB832B0064201E /* TableStructureDetector.swift */,
				024CE1682CCB83630064201E /* WordListGenerator.swift */,
				024CE16A2CCB83F30064201E /* MeaningDetector.swift */,
				024CE16C2CCB84400064201E /* WordListRow2WordStoreItemConverter.swift */,
				0227BE832CC5EC7100641642 /* yolov8s_custom_structure_all_best.mlpackage */,
			);
			path = Img2WordList;
			sourceTree = "<group>";
		};
		02FF16F12CCB7CAA00C06BA9 /* AddWordsTab */ = {
			isa = PBXGroup;
			children = (
				02FF16F82CCB7EC900C06BA9 /* Path.swift */,
				8C93DCAF2C63C1FD00B60239 /* AddWordsView */,
				8CDF96D32C64608A00D691E7 /* AddWordsFromTextView */,
				8C0E034B2C688BDD004BB413 /* AddWordsFromAutoView */,
				8C8B49992C928EF50058B08F /* AddWordsFromTapView */,
			);
			path = AddWordsTab;
			sourceTree = "<group>";
		};
		02FF16F22CCB7CC400C06BA9 /* Common */ = {
			isa = PBXGroup;
			children = (
				024CE1612CCB824A0064201E /* CommonLoadingAlertView */,
				8CB3293E2C7ACCF60070FBFA /* CommonTagSelectionView */,
				8CC139532C7CBA6B00700DF9 /* CommonWordEditView */,
			);
			path = Common;
			sourceTree = "<group>";
		};
		02FF16F42CCB7D4E00C06BA9 /* QuizTab */ = {
			isa = PBXGroup;
			children = (
				8C93DCAD2C63C1E200B60239 /* QuizView */,
				8C967DFF2C80597000DDDF05 /* WordSwipeView */,
			);
			path = QuizTab;
			sourceTree = "<group>";
		};
		02FF16F52CCB7D7B00C06BA9 /* WordListTab */ = {
			isa = PBXGroup;
			children = (
				02FF16F62CCB7E8400C06BA9 /* WordbookListView */,
				8C93DCAE2C63C1EB00B60239 /* WordListView */,
				02FF17022CCB811200C06BA9 /* RelatedWordsView */,
			);
			path = WordListTab;
			sourceTree = "<group>";
		};
		02FF16F62CCB7E8400C06BA9 /* WordbookListView */ = {
			isa = PBXGroup;
			children = (
				8C93DCB32C63C29200B60239 /* WordbookListView.swift */,
			);
			path = WordbookListView;
			sourceTree = "<group>";
		};
		02FF16FA2CCB7F1A00C06BA9 /* SettingsView */ = {
			isa = PBXGroup;
			children = (
				8C93DCB72C63C2C700B60239 /* SettingsView.swift */,
				8CC086142C776E2200AA6CB5 /* SettingViewModel.swift */,
			);
			path = SettingsView;
			sourceTree = "<group>";
		};
		02FF16FB2CCB7F2B00C06BA9 /* WebReplaceListSettingsView */ = {
			isa = PBXGroup;
			children = (
				02FF17002CCB7F7400C06BA9 /* WebReplaceListSettingsView.swift */,
			);
			path = WebReplaceListSettingsView;
			sourceTree = "<group>";
		};
		02FF17022CCB811200C06BA9 /* RelatedWordsView */ = {
			isa = PBXGroup;
			children = (
				8CA59EBB2C918F2100822895 /* RelatedWordsView.swift */,
			);
			path = RelatedWordsView;
			sourceTree = "<group>";
		};
		8C0E034B2C688BDD004BB413 /* AddWordsFromAutoView */ = {
			isa = PBXGroup;
			children = (
				8C0E034C2C688C0B004BB413 /* AddWordsFromAutoView.swift */,
			);
			path = AddWordsFromAutoView;
			sourceTree = "<group>";
		};
		8C3590E82C68F2C600292565 /* LLM */ = {
			isa = PBXGroup;
			children = (
				8C3590F32C68F6C700292565 /* DeviceStat.swift */,
				8C3590E92C68F2F000292565 /* ExampleSentenceGeneration.swift */,
				8CA09C4A2C85E4EB00B244A1 /* ModelFileManagement.swift */,
			);
			path = LLM;
			sourceTree = "<group>";
		};
		8C4CB41C2C81A71100B70244 /* SpeechButton */ = {
			isa = PBXGroup;
			children = (
				8C4CB41D2C81A72A00B70244 /* SpeechUtteranceButton.swift */,
			);
			path = SpeechButton;
			sourceTree = "<group>";
		};
		8C4CB41F2C81AC8B00B70244 /* Extension */ = {
			isa = PBXGroup;
			children = (
				8C4CB4202C81AC9D00B70244 /* ViewExtension.swift */,
				8C9F6FBB2C8820F9004C7315 /* UIColorExtension.swift */,
			);
			path = Extension;
			sourceTree = "<group>";
		};
		8C4CB4272C81AF8300B70244 /* ShareToWordbook */ = {
			isa = PBXGroup;
			children = (
				8CE0528E2C845EAF009A1251 /* ShareToWordbook.entitlements */,
				8C973DBE2C841D82001198F9 /* Core */,
				8C4CB4352C81B50400B70244 /* View */,
				8C4CB4282C81AF8300B70244 /* ShareViewController.swift */,
				8C4CB42D2C81AF8300B70244 /* Info.plist */,
				8C973DBC2C82B90F001198F9 /* ShareScript.js */,
			);
			path = ShareToWordbook;
			sourceTree = "<group>";
		};
		8C4CB4352C81B50400B70244 /* View */ = {
			isa = PBXGroup;
			children = (
				8C4CB4362C81B51E00B70244 /* ShareExtensionView.swift */,
				8CE052942C8469DB009A1251 /* TagSelectionView.swift */,
			);
			path = View;
			sourceTree = "<group>";
		};
		8C8458B32C88589F0077567D /* PopoverContainerLayout */ = {
			isa = PBXGroup;
			children = (
				8C8458B42C8858B00077567D /* PopoverContainerLayout.swift */,
			);
			path = PopoverContainerLayout;
			sourceTree = "<group>";
		};
		8C8B49992C928EF50058B08F /* AddWordsFromTapView */ = {
			isa = PBXGroup;
			children = (
				8C8B499A2C928F220058B08F /* AddWordsFromTapView.swift */,
				8C8B499F2C92F51D0058B08F /* AddMeaningsFromTapView.swift */,
				8C8B49A12C92FAED0058B08F /* TextTapResultView.swift */,
			);
			path = AddWordsFromTapView;
			sourceTree = "<group>";
		};
		8C93DC692C63B84D00B60239 = {
			isa = PBXGroup;
			children = (
				0228E67D2CC8A1AD00359D2A /* license_plist.yml */,
				0228E6792CC89A4C00359D2A /* Settings.bundle */,
				8C93DC742C63B84D00B60239 /* Wordbook */,
				8C93DC872C63B84F00B60239 /* WordbookTests */,
				8C93DC912C63B84F00B60239 /* WordbookUITests */,
				8C4CB4272C81AF8300B70244 /* ShareToWordbook */,
				8C973DCE2C843B0A001198F9 /* WordbookCommon */,
				8C93DC732C63B84D00B60239 /* Products */,
			);
			sourceTree = "<group>";
		};
		8C93DC732C63B84D00B60239 /* Products */ = {
			isa = PBXGroup;
			children = (
				8C93DC722C63B84D00B60239 /* Wordbook.app */,
				8C93DC842C63B84F00B60239 /* WordbookTests.xctest */,
				8C93DC8E2C63B84F00B60239 /* WordbookUITests.xctest */,
				8C4CB4262C81AF8300B70244 /* ShareToWordbook.appex */,
			);
			name = Products;
			sourceTree = "<group>";
		};
		8C93DC742C63B84D00B60239 /* Wordbook */ = {
			isa = PBXGroup;
			children = (
				8CE0528D2C845E9E009A1251 /* Wordbook.entitlements */,
				8C967DF72C8053C600DDDF05 /* Components */,
				8C93DCB92C63C61300B60239 /* Core */,
				8C4CB41F2C81AC8B00B70244 /* Extension */,
				8CEB97952C784A7E0002896B /* Style */,
				8C93DCA72C63BAE300B60239 /* View */,
				8C93DC752C63B84D00B60239 /* WordbookApp.swift */,
				8C93DC7B2C63B84F00B60239 /* Assets.xcassets */,
				8C93DC7D2C63B84F00B60239 /* Preview Content */,
			);
			path = Wordbook;
			sourceTree = "<group>";
		};
		8C93DC7D2C63B84F00B60239 /* Preview Content */ = {
			isa = PBXGroup;
			children = (
				8C93DC7E2C63B84F00B60239 /* Preview Assets.xcassets */,
			);
			path = "Preview Content";
			sourceTree = "<group>";
		};
		8C93DC872C63B84F00B60239 /* WordbookTests */ = {
			isa = PBXGroup;
			children = (
				8C93DC882C63B84F00B60239 /* WordbookTests.swift */,
			);
			path = WordbookTests;
			sourceTree = "<group>";
		};
		8C93DC912C63B84F00B60239 /* WordbookUITests */ = {
			isa = PBXGroup;
			children = (
				8C93DC922C63B84F00B60239 /* WordbookUITests.swift */,
				8C93DC942C63B84F00B60239 /* WordbookUITestsLaunchTests.swift */,
			);
			path = WordbookUITests;
			sourceTree = "<group>";
		};
		8C93DCA72C63BAE300B60239 /* View */ = {
			isa = PBXGroup;
			children = (
				8C93DCA82C63BAF000B60239 /* MainTab */,
				02FF16F42CCB7D4E00C06BA9 /* QuizTab */,
				02FF16F52CCB7D7B00C06BA9 /* WordListTab */,
				02FF16F12CCB7CAA00C06BA9 /* AddWordsTab */,
				8C93DCB02C63C20B00B60239 /* SettingsTab */,
				02FF16F22CCB7CC400C06BA9 /* Common */,
			);
			path = View;
			sourceTree = "<group>";
		};
		8C93DCA82C63BAF000B60239 /* MainTab */ = {
			isa = PBXGroup;
			children = (
				8C93DCA92C63BB0D00B60239 /* MainTab.swift */,
				8C93DCAB2C63BDDE00B60239 /* MainTabType.swift */,
			);
			path = MainTab;
			sourceTree = "<group>";
		};
		8C93DCAD2C63C1E200B60239 /* QuizView */ = {
			isa = PBXGroup;
			children = (
				8C93DCB12C63C27300B60239 /* QuizView.swift */,
			);
			path = QuizView;
			sourceTree = "<group>";
		};
		8C93DCAE2C63C1EB00B60239 /* WordListView */ = {
			isa = PBXGroup;
			children = (
				8CC086102C76ED8A00AA6CB5 /* WordListView.swift */,
			);
			path = WordListView;
			sourceTree = "<group>";
		};
		8C93DCAF2C63C1FD00B60239 /* AddWordsView */ = {
			isa = PBXGroup;
			children = (
				8C93DCB52C63C2AF00B60239 /* AddWordsView.swift */,
				8CDF96DB2C6479A900D691E7 /* OCROptionSheet.swift */,
				8CDF96DD2C648D8400D691E7 /* OCROption.swift */,
				8C9F6FB52C87F080004C7315 /* RandomWordView.swift */,
			);
			path = AddWordsView;
			sourceTree = "<group>";
		};
		8C93DCB02C63C20B00B60239 /* SettingsTab */ = {
			isa = PBXGroup;
			children = (
				02FF16FA2CCB7F1A00C06BA9 /* SettingsView */,
				02FF16FB2CCB7F2B00C06BA9 /* WebReplaceListSettingsView */,
			);
			path = SettingsTab;
			sourceTree = "<group>";
		};
		8C93DCB92C63C61300B60239 /* Core */ = {
			isa = PBXGroup;
			children = (
				027F28A72CC55F110048F9A4 /* Img2WordList */,
				8C3590E82C68F2C600292565 /* LLM */,
			);
			path = Core;
			sourceTree = "<group>";
		};
		8C967DF72C8053C600DDDF05 /* Components */ = {
			isa = PBXGroup;
			children = (
				8CB215D22C93091000D20775 /* ZoomableContainer */,
				8C8458B32C88589F0077567D /* PopoverContainerLayout */,
				8CED1F292C6FAA6100327F0E /* CameraView */,
				8CE0529B2C848FE8009A1251 /* WebView */,
				8CE0529A2C848FC4009A1251 /* FlipView */,
				8CE052992C848F93009A1251 /* SwipableCardView */,
				8C4CB41C2C81A71100B70244 /* SpeechButton */,
			);
			path = Components;
			sourceTree = "<group>";
		};
		8C967DFF2C80597000DDDF05 /* WordSwipeView */ = {
			isa = PBXGroup;
			children = (
				8C967E002C805A1B00DDDF05 /* WordSwipeView.swift */,
			);
			path = WordSwipeView;
			sourceTree = "<group>";
		};
		8C973DBE2C841D82001198F9 /* Core */ = {
			isa = PBXGroup;
			children = (
				8C973DBF2C841DE1001198F9 /* ExtractWord.swift */,
			);
			path = Core;
			sourceTree = "<group>";
		};
		8C973DC12C842578001198F9 /* SettingsStoreService */ = {
			isa = PBXGroup;
			children = (
				8CC086172C77767700AA6CB5 /* SettingsStoreService.swift */,
			);
			path = SettingsStoreService;
			sourceTree = "<group>";
		};
		8C973DCE2C843B0A001198F9 /* WordbookCommon */ = {
			isa = PBXGroup;
			children = (
				8CC139502C7CAD7100700DF9 /* Resource */,
				8CE0528A2C845DD1009A1251 /* StoreService */,
			);
			path = WordbookCommon;
			sourceTree = "<group>";
		};
		8CB215D22C93091000D20775 /* ZoomableContainer */ = {
			isa = PBXGroup;
			children = (
				8CB215D32C93091D00D20775 /* ZoomableContainer.swift */,
			);
			path = ZoomableContainer;
			sourceTree = "<group>";
		};
		8CB3293E2C7ACCF60070FBFA /* CommonTagSelectionView */ = {
			isa = PBXGroup;
			children = (
				8CC086122C772EFD00AA6CB5 /* CommonTagSelectionView.swift */,
			);
			path = CommonTagSelectionView;
			sourceTree = "<group>";
		};
		8CC086162C77761200AA6CB5 /* WordStoreService */ = {
			isa = PBXGroup;
			children = (
				8C0E034E2C688DB2004BB413 /* WordStoreItem.swift */,
				8CC0860E2C76DCAC00AA6CB5 /* WordStoreService.swift */,
			);
			path = WordStoreService;
			sourceTree = "<group>";
		};
		8CC139452C7C980600700DF9 /* SQLite */ = {
			isa = PBXGroup;
			children = (
				8CC139492C7CA45300700DF9 /* DictionaryService.swift */,
				8CC1394E2C7CA9FE00700DF9 /* DictionaryModel.swift */,
			);
			path = SQLite;
			sourceTree = "<group>";
		};
		8CC139502C7CAD7100700DF9 /* Resource */ = {
			isa = PBXGroup;
			children = (
				8CC139512C7CAD8400700DF9 /* ejdict.sqlite3 */,
			);
			path = Resource;
			sourceTree = "<group>";
		};
		8CC139532C7CBA6B00700DF9 /* CommonWordEditView */ = {
			isa = PBXGroup;
			children = (
				8CC139542C7CBA8300700DF9 /* CommonWordEditView.swift */,
			);
			path = CommonWordEditView;
			sourceTree = "<group>";
		};
		8CDF96D32C64608A00D691E7 /* AddWordsFromTextView */ = {
			isa = PBXGroup;
			children = (
				8CDF96D82C6460F800D691E7 /* AddWordsFromTextView.swift */,
			);
			path = AddWordsFromTextView;
			sourceTree = "<group>";
		};
		8CE0528A2C845DD1009A1251 /* StoreService */ = {
			isa = PBXGroup;
			children = (
				8CC139452C7C980600700DF9 /* SQLite */,
				8C973DC12C842578001198F9 /* SettingsStoreService */,
				8CE052902C8467E0009A1251 /* TagStoreService */,
				8CC086162C77761200AA6CB5 /* WordStoreService */,
			);
			path = StoreService;
			sourceTree = "<group>";
		};
		8CE052902C8467E0009A1251 /* TagStoreService */ = {
			isa = PBXGroup;
			children = (
				8CE052912C84687F009A1251 /* SharedModelContainer.swift */,
				8CE052962C847C4E009A1251 /* Tag.swift */,
			);
			path = TagStoreService;
			sourceTree = "<group>";
		};
		8CE052992C848F93009A1251 /* SwipableCardView */ = {
			isa = PBXGroup;
			children = (
				8C967DF82C8053E600DDDF05 /* StackSwipableCardView.swift */,
				8C967DFD2C80548700DDDF05 /* StackSwipableCardConfiguration.swift */,
			);
			path = SwipableCardView;
			sourceTree = "<group>";
		};
		8CE0529A2C848FC4009A1251 /* FlipView */ = {
			isa = PBXGroup;
			children = (
				8C967E022C80614A00DDDF05 /* FlipView.swift */,
			);
			path = FlipView;
			sourceTree = "<group>";
		};
		8CE0529B2C848FE8009A1251 /* WebView */ = {
			isa = PBXGroup;
			children = (
				8CE0529C2C848FF6009A1251 /* WebView.swift */,
			);
			path = WebView;
			sourceTree = "<group>";
		};
		8CEB97952C784A7E0002896B /* Style */ = {
			isa = PBXGroup;
			children = (
				8CEB97962C784A950002896B /* CheckBoxToggleStyle.swift */,
				8C5830302C797617003A52A6 /* FavoriteToggleStyle.swift */,
			);
			path = Style;
			sourceTree = "<group>";
		};
		8CED1F292C6FAA6100327F0E /* CameraView */ = {
			isa = PBXGroup;
			children = (
				8CED1F2A2C6FAA7300327F0E /* CameraView.swift */,
			);
			path = CameraView;
			sourceTree = "<group>";
		};
/* End PBXGroup section */

/* Begin PBXNativeTarget section */
		8C4CB4252C81AF8300B70244 /* ShareToWordbook */ = {
			isa = PBXNativeTarget;
			buildConfigurationList = 8C4CB4312C81AF8300B70244 /* Build configuration list for PBXNativeTarget "ShareToWordbook" */;
			buildPhases = (
				8C4CB4222C81AF8300B70244 /* Sources */,
				8C4CB4232C81AF8300B70244 /* Frameworks */,
				8C4CB4242C81AF8300B70244 /* Resources */,
				8C93714E2CC8A33800B60239 /* Copy Acknowledgements */,
			);
			buildRules = (
			);
			dependencies = (
			);
			name = ShareToWordbook;
			packageProductDependencies = (
				8C91A28A2C8769FE00EFD5B2 /* GRDB */,
			);
			productName = ShareToWordbook;
			productReference = 8C4CB4262C81AF8300B70244 /* ShareToWordbook.appex */;
			productType = "com.apple.product-type.app-extension";
		};
		8C93DC712C63B84D00B60239 /* Wordbook */ = {
			isa = PBXNativeTarget;
			buildConfigurationList = 8C93DC982C63B84F00B60239 /* Build configuration list for PBXNativeTarget "Wordbook" */;
			buildPhases = (
				8C93DC6E2C63B84D00B60239 /* Sources */,
				8C93DC6F2C63B84D00B60239 /* Frameworks */,
				8C93DC702C63B84D00B60239 /* Resources */,
				8C4CB4342C81AF8300B70244 /* Embed Foundation Extensions */,
				8C973DE72C843B0B001198F9 /* Embed Frameworks */,
				8C9322922CC8A33800B60239 /* Copy Acknowledgements */,
			);
			buildRules = (
			);
			dependencies = (
				0228E67C2CC8A19300359D2A /* PBXTargetDependency */,
				8C4CB42F2C81AF8300B70244 /* PBXTargetDependency */,
			);
			name = Wordbook;
			packageProductDependencies = (
				8C3590EC2C68F58F00292565 /* MLX */,
				8C3590EE2C68F58F00292565 /* MLXRandom */,
				8C3590F12C68F64300292565 /* LLM */,
				8CC1394C2C7CA67600700DF9 /* GRDB */,
			);
			productName = Wordbook;
			productReference = 8C93DC722C63B84D00B60239 /* Wordbook.app */;
			productType = "com.apple.product-type.application";
		};
		8C93DC832C63B84F00B60239 /* WordbookTests */ = {
			isa = PBXNativeTarget;
			buildConfigurationList = 8C93DC9B2C63B84F00B60239 /* Build configuration list for PBXNativeTarget "WordbookTests" */;
			buildPhases = (
				8C93DC802C63B84F00B60239 /* Sources */,
				8C93DC812C63B84F00B60239 /* Frameworks */,
				8C93DC822C63B84F00B60239 /* Resources */,
				8C9322AB2CC8A33800B60239 /* Copy Acknowledgements */,
			);
			buildRules = (
			);
			dependencies = (
				8C93DC862C63B84F00B60239 /* PBXTargetDependency */,
			);
			name = WordbookTests;
			productName = WordbookTests;
			productReference = 8C93DC842C63B84F00B60239 /* WordbookTests.xctest */;
			productType = "com.apple.product-type.bundle.unit-test";
		};
		8C93DC8D2C63B84F00B60239 /* WordbookUITests */ = {
			isa = PBXNativeTarget;
			buildConfigurationList = 8C93DC9E2C63B84F00B60239 /* Build configuration list for PBXNativeTarget "WordbookUITests" */;
			buildPhases = (
				8C93DC8A2C63B84F00B60239 /* Sources */,
				8C93DC8B2C63B84F00B60239 /* Frameworks */,
				8C93DC8C2C63B84F00B60239 /* Resources */,
				8C9305532CC8A33800B60239 /* Copy Acknowledgements */,
			);
			buildRules = (
			);
			dependencies = (
				8C93DC902C63B84F00B60239 /* PBXTargetDependency */,
			);
			name = WordbookUITests;
			productName = WordbookUITests;
			productReference = 8C93DC8E2C63B84F00B60239 /* WordbookUITests.xctest */;
			productType = "com.apple.product-type.bundle.ui-testing";
		};
/* End PBXNativeTarget section */

/* Begin PBXProject section */
		8C93DC6A2C63B84D00B60239 /* Project object */ = {
			isa = PBXProject;
			attributes = {
				BuildIndependentTargetsInParallel = 1;
				LastSwiftUpdateCheck = 1540;
				LastUpgradeCheck = 1520;
				TargetAttributes = {
					8C4CB4252C81AF8300B70244 = {
						CreatedOnToolsVersion = 15.4;
					};
					8C93DC712C63B84D00B60239 = {
						CreatedOnToolsVersion = 15.2;
					};
					8C93DC832C63B84F00B60239 = {
						CreatedOnToolsVersion = 15.2;
						TestTargetID = 8C93DC712C63B84D00B60239;
					};
					8C93DC8D2C63B84F00B60239 = {
						CreatedOnToolsVersion = 15.2;
						TestTargetID = 8C93DC712C63B84D00B60239;
					};
				};
			};
			buildConfigurationList = 8C93DC6D2C63B84D00B60239 /* Build configuration list for PBXProject "Wordbook" */;
			compatibilityVersion = "Xcode 14.0";
			developmentRegion = ja;
			hasScannedForEncodings = 0;
			knownRegions = (
				Base,
				ja,
			);
			mainGroup = 8C93DC692C63B84D00B60239;
			packageReferences = (
				8C3590EB2C68F58F00292565 /* XCRemoteSwiftPackageReference "mlx-swift" */,
				8C3590F02C68F64300292565 /* XCRemoteSwiftPackageReference "mlx-swift-examples" */,
				8CC1394B2C7CA67600700DF9 /* XCRemoteSwiftPackageReference "GRDB.swift" */,
				0228E6782CC899B200359D2A /* XCRemoteSwiftPackageReference "LicensePlist" */,
			);
			productRefGroup = 8C93DC732C63B84D00B60239 /* Products */;
			projectDirPath = "";
			projectRoot = "";
			targets = (
				8C93DC712C63B84D00B60239 /* Wordbook */,
				8C93DC832C63B84F00B60239 /* WordbookTests */,
				8C93DC8D2C63B84F00B60239 /* WordbookUITests */,
				8C4CB4252C81AF8300B70244 /* ShareToWordbook */,
			);
		};
/* End PBXProject section */

/* Begin PBXResourcesBuildPhase section */
		8C4CB4242C81AF8300B70244 /* Resources */ = {
			isa = PBXResourcesBuildPhase;
			buildActionMask = 2147483647;
			files = (
				8C91A28C2C876B3D00EFD5B2 /* ejdict.sqlite3 in Resources */,
				8C973DBD2C82B90F001198F9 /* ShareScript.js in Resources */,
			);
			runOnlyForDeploymentPostprocessing = 0;
		};
		8C93DC702C63B84D00B60239 /* Resources */ = {
			isa = PBXResourcesBuildPhase;
			buildActionMask = 2147483647;
			files = (
				0228E67A2CC89A4C00359D2A /* Settings.bundle in Resources */,
				8CC139522C7CAD8400700DF9 /* ejdict.sqlite3 in Resources */,
				0228E67E2CC8A1AF00359D2A /* license_plist.yml in Resources */,
				8C93DC7F2C63B84F00B60239 /* Preview Assets.xcassets in Resources */,
				8C93DC7C2C63B84F00B60239 /* Assets.xcassets in Resources */,
			);
			runOnlyForDeploymentPostprocessing = 0;
		};
		8C93DC822C63B84F00B60239 /* Resources */ = {
			isa = PBXResourcesBuildPhase;
			buildActionMask = 2147483647;
			files = (
			);
			runOnlyForDeploymentPostprocessing = 0;
		};
		8C93DC8C2C63B84F00B60239 /* Resources */ = {
			isa = PBXResourcesBuildPhase;
			buildActionMask = 2147483647;
			files = (
			);
			runOnlyForDeploymentPostprocessing = 0;
		};
/* End PBXResourcesBuildPhase section */

/* Begin PBXShellScriptBuildPhase section */
		8C9305532CC8A33800B60239 /* Copy Acknowledgements */ = {
			isa = PBXShellScriptBuildPhase;
			buildActionMask = 2147483647;
			files = (
			);
			inputPaths = (
			);
			name = "Copy Acknowledgements";
			outputPaths = (
			);
			runOnlyForDeploymentPostprocessing = 0;
			shellPath = /bin/sh;
			shellScript = "echo \"Will copy acknowledgements\"\n\nACKNOWLEDGEMENTS_DIR=${BUILT_PRODUCTS_DIR}/${CONTENTS_FOLDER_PATH}/com.mono0926.LicensePlist.Output\nDESTINATION_PATH=${BUILT_PRODUCTS_DIR}/${CONTENTS_FOLDER_PATH}/Settings.bundle/\n\ncp -r \"${ACKNOWLEDGEMENTS_DIR}\"/* \"${DESTINATION_PATH}\"\nrm -rf \"${ACKNOWLEDGEMENTS_DIR}\"";
		};
		8C9322922CC8A33800B60239 /* Copy Acknowledgements */ = {
			isa = PBXShellScriptBuildPhase;
			buildActionMask = 2147483647;
			files = (
			);
			inputPaths = (
			);
			name = "Copy Acknowledgements";
			outputPaths = (
			);
			runOnlyForDeploymentPostprocessing = 0;
			shellPath = /bin/sh;
			shellScript = "echo \"Will copy acknowledgements\"\n\nACKNOWLEDGEMENTS_DIR=${BUILT_PRODUCTS_DIR}/${CONTENTS_FOLDER_PATH}/com.mono0926.LicensePlist.Output\nDESTINATION_PATH=${BUILT_PRODUCTS_DIR}/${CONTENTS_FOLDER_PATH}/Settings.bundle/\n\ncp -r \"${ACKNOWLEDGEMENTS_DIR}\"/* \"${DESTINATION_PATH}\"\nrm -rf \"${ACKNOWLEDGEMENTS_DIR}\"";
		};
		8C9322AB2CC8A33800B60239 /* Copy Acknowledgements */ = {
			isa = PBXShellScriptBuildPhase;
			buildActionMask = 2147483647;
			files = (
			);
			inputPaths = (
			);
			name = "Copy Acknowledgements";
			outputPaths = (
			);
			runOnlyForDeploymentPostprocessing = 0;
			shellPath = /bin/sh;
			shellScript = "echo \"Will copy acknowledgements\"\n\nACKNOWLEDGEMENTS_DIR=${BUILT_PRODUCTS_DIR}/${CONTENTS_FOLDER_PATH}/com.mono0926.LicensePlist.Output\nDESTINATION_PATH=${BUILT_PRODUCTS_DIR}/${CONTENTS_FOLDER_PATH}/Settings.bundle/\n\ncp -r \"${ACKNOWLEDGEMENTS_DIR}\"/* \"${DESTINATION_PATH}\"\nrm -rf \"${ACKNOWLEDGEMENTS_DIR}\"";
		};
		8C93714E2CC8A33800B60239 /* Copy Acknowledgements */ = {
			isa = PBXShellScriptBuildPhase;
			buildActionMask = 2147483647;
			files = (
			);
			inputPaths = (
			);
			name = "Copy Acknowledgements";
			outputPaths = (
			);
			runOnlyForDeploymentPostprocessing = 0;
			shellPath = /bin/sh;
			shellScript = "echo \"Will copy acknowledgements\"\n\nACKNOWLEDGEMENTS_DIR=${BUILT_PRODUCTS_DIR}/${CONTENTS_FOLDER_PATH}/com.mono0926.LicensePlist.Output\nDESTINATION_PATH=${BUILT_PRODUCTS_DIR}/${CONTENTS_FOLDER_PATH}/Settings.bundle/\n\ncp -r \"${ACKNOWLEDGEMENTS_DIR}\"/* \"${DESTINATION_PATH}\"\nrm -rf \"${ACKNOWLEDGEMENTS_DIR}\"";
		};
/* End PBXShellScriptBuildPhase section */

/* Begin PBXSourcesBuildPhase section */
		8C4CB4222C81AF8300B70244 /* Sources */ = {
			isa = PBXSourcesBuildPhase;
			buildActionMask = 2147483647;
			files = (
				8CE052972C847C4E009A1251 /* Tag.swift in Sources */,
				8CE0528C2C845DE5009A1251 /* WordStoreService.swift in Sources */,
				8C4CB4372C81B51E00B70244 /* ShareExtensionView.swift in Sources */,
				8C8945A52C8723CD0008A79D /* SettingsStoreService.swift in Sources */,
				8C91A2892C8768D100EFD5B2 /* DictionaryModel.swift in Sources */,
				8CE052932C846896009A1251 /* SharedModelContainer.swift in Sources */,
				8C973DC02C841DE1001198F9 /* ExtractWord.swift in Sources */,
				8CE052952C8469DB009A1251 /* TagSelectionView.swift in Sources */,
				8C91A2882C8768CD00EFD5B2 /* DictionaryService.swift in Sources */,
				8CE0528B2C845DE2009A1251 /* WordStoreItem.swift in Sources */,
				8C4CB4292C81AF8300B70244 /* ShareViewController.swift in Sources */,
			);
			runOnlyForDeploymentPostprocessing = 0;
		};
		8C93DC6E2C63B84D00B60239 /* Sources */ = {
			isa = PBXSourcesBuildPhase;
			buildActionMask = 2147483647;
			files = (
				024CE1652CCB82EB0064201E /* OCR.swift in Sources */,
				8CC086182C77767700AA6CB5 /* SettingsStoreService.swift in Sources */,
				8C0E034F2C688DB2004BB413 /* WordStoreItem.swift in Sources */,
				8CEB97972C784A950002896B /* CheckBoxToggleStyle.swift in Sources */,
				8CE052922C84687F009A1251 /* SharedModelContainer.swift in Sources */,
				8C8458B52C8858B00077567D /* PopoverContainerLayout.swift in Sources */,
				8C93DCB62C63C2AF00B60239 /* AddWordsView.swift in Sources */,
				024CE16D2CCB84400064201E /* WordListRow2WordStoreItemConverter.swift in Sources */,
				8C967DF92C8053E600DDDF05 /* StackSwipableCardView.swift in Sources */,
				8CA59EBC2C918F2100822895 /* RelatedWordsView.swift in Sources */,
				8C8B49A22C92FAED0058B08F /* TextTapResultView.swift in Sources */,
				8C93DCAA2C63BB0D00B60239 /* MainTab.swift in Sources */,
				8CC086152C776E2200AA6CB5 /* SettingViewModel.swift in Sources */,
				8CC139552C7CBA8300700DF9 /* CommonWordEditView.swift in Sources */,
				8CC1394F2C7CA9FE00700DF9 /* DictionaryModel.swift in Sources */,
				8CC0860F2C76DCAC00AA6CB5 /* WordStoreService.swift in Sources */,
				8CE0529D2C848FF6009A1251 /* WebView.swift in Sources */,
				8CED1F2B2C6FAA7300327F0E /* CameraView.swift in Sources */,
				024CE16B2CCB83F30064201E /* MeaningDetector.swift in Sources */,
				8CB215D42C93091D00D20775 /* ZoomableContainer.swift in Sources */,
				024CE1632CCB82680064201E /* CommonLoadingAlertView.swift in Sources */,
				027F28AB2CC56E350048F9A4 /* Img2WordList.swift in Sources */,
				024CE1672CCB832B0064201E /* TableStructureDetector.swift in Sources */,
				8C967E012C805A1B00DDDF05 /* WordSwipeView.swift in Sources */,
				8C93DCB82C63C2C700B60239 /* SettingsView.swift in Sources */,
				8C8B499B2C928F220058B08F /* AddWordsFromTapView.swift in Sources */,
				8CC086112C76ED8A00AA6CB5 /* WordListView.swift in Sources */,
				0227BE842CC5EC7100641642 /* yolov8s_custom_structure_all_best.mlpackage in Sources */,
				8C0E034D2C688C0B004BB413 /* AddWordsFromAutoView.swift in Sources */,
				02FF16F92CCB7ECC00C06BA9 /* Path.swift in Sources */,
				8C4CB4212C81AC9D00B70244 /* ViewExtension.swift in Sources */,
				8CDF96DC2C6479A900D691E7 /* OCROptionSheet.swift in Sources */,
				8C3590F42C68F6C700292565 /* DeviceStat.swift in Sources */,
				8C967DFE2C80548700DDDF05 /* StackSwipableCardConfiguration.swift in Sources */,
				8CDF96D92C6460F800D691E7 /* AddWordsFromTextView.swift in Sources */,
				8CDF96DE2C648D8400D691E7 /* OCROption.swift in Sources */,
				8C93DCAC2C63BDDE00B60239 /* MainTabType.swift in Sources */,
				8C9F6FBC2C8820F9004C7315 /* UIColorExtension.swift in Sources */,
				8C93DC762C63B84D00B60239 /* WordbookApp.swift in Sources */,
				8C967E032C80614A00DDDF05 /* FlipView.swift in Sources */,
				8CE052982C847C6C009A1251 /* Tag.swift in Sources */,
				8C93DCB42C63C29200B60239 /* WordbookListView.swift in Sources */,
				8C93DCB22C63C27300B60239 /* QuizView.swift in Sources */,
				024CE1692CCB83630064201E /* WordListGenerator.swift in Sources */,
				8CA09C4B2C85E4EB00B244A1 /* ModelFileManagement.swift in Sources */,
				8CC086132C772EFD00AA6CB5 /* CommonTagSelectionView.swift in Sources */,
				8CC1394A2C7CA45300700DF9 /* DictionaryService.swift in Sources */,
				8C3590EA2C68F2F000292565 /* ExampleSentenceGeneration.swift in Sources */,
				8C8B49A02C92F51D0058B08F /* AddMeaningsFromTapView.swift in Sources */,
				8C5830312C797617003A52A6 /* FavoriteToggleStyle.swift in Sources */,
				02FF17012CCB7F7400C06BA9 /* WebReplaceListSettingsView.swift in Sources */,
				8C4CB41E2C81A72A00B70244 /* SpeechUtteranceButton.swift in Sources */,
				8C9F6FB62C87F080004C7315 /* RandomWordView.swift in Sources */,
			);
			runOnlyForDeploymentPostprocessing = 0;
		};
		8C93DC802C63B84F00B60239 /* Sources */ = {
			isa = PBXSourcesBuildPhase;
			buildActionMask = 2147483647;
			files = (
				8C93DC892C63B84F00B60239 /* WordbookTests.swift in Sources */,
			);
			runOnlyForDeploymentPostprocessing = 0;
		};
		8C93DC8A2C63B84F00B60239 /* Sources */ = {
			isa = PBXSourcesBuildPhase;
			buildActionMask = 2147483647;
			files = (
				8C93DC952C63B84F00B60239 /* WordbookUITestsLaunchTests.swift in Sources */,
				8C93DC932C63B84F00B60239 /* WordbookUITests.swift in Sources */,
			);
			runOnlyForDeploymentPostprocessing = 0;
		};
/* End PBXSourcesBuildPhase section */

/* Begin PBXTargetDependency section */
		0228E67C2CC8A19300359D2A /* PBXTargetDependency */ = {
			isa = PBXTargetDependency;
			productRef = 0228E67B2CC8A19300359D2A /* LicensePlistBuildTool */;
		};
		8C4CB42F2C81AF8300B70244 /* PBXTargetDependency */ = {
			isa = PBXTargetDependency;
			target = 8C4CB4252C81AF8300B70244 /* ShareToWordbook */;
			targetProxy = 8C4CB42E2C81AF8300B70244 /* PBXContainerItemProxy */;
		};
		8C93DC862C63B84F00B60239 /* PBXTargetDependency */ = {
			isa = PBXTargetDependency;
			target = 8C93DC712C63B84D00B60239 /* Wordbook */;
			targetProxy = 8C93DC852C63B84F00B60239 /* PBXContainerItemProxy */;
		};
		8C93DC902C63B84F00B60239 /* PBXTargetDependency */ = {
			isa = PBXTargetDependency;
			target = 8C93DC712C63B84D00B60239 /* Wordbook */;
			targetProxy = 8C93DC8F2C63B84F00B60239 /* PBXContainerItemProxy */;
		};
/* End PBXTargetDependency section */

/* Begin XCBuildConfiguration section */
		8C4CB4322C81AF8300B70244 /* Debug */ = {
			isa = XCBuildConfiguration;
			buildSettings = {
				CODE_SIGN_ENTITLEMENTS = ShareToWordbook/ShareToWordbook.entitlements;
				CODE_SIGN_STYLE = Automatic;
				CURRENT_PROJECT_VERSION = 1;
				DEVELOPMENT_TEAM = 9RP98KDXQZ;
				GENERATE_INFOPLIST_FILE = YES;
				INFOPLIST_FILE = ShareToWordbook/Info.plist;
				INFOPLIST_KEY_CFBundleDisplayName = ShareToWordbook;
				INFOPLIST_KEY_NSHumanReadableCopyright = "";
				IPHONEOS_DEPLOYMENT_TARGET = 17.4;
				LD_RUNPATH_SEARCH_PATHS = (
					"$(inherited)",
					"@executable_path/Frameworks",
					"@executable_path/../../Frameworks",
				);
				MARKETING_VERSION = 1.0;
				PRODUCT_BUNDLE_IDENTIFIER = "masa-nakajima.Wordbook.ShareToWordbook";
				PRODUCT_NAME = "$(TARGET_NAME)";
				SKIP_INSTALL = YES;
				SWIFT_EMIT_LOC_STRINGS = YES;
				SWIFT_VERSION = 5.0;
				TARGETED_DEVICE_FAMILY = "1,2";
			};
			name = Debug;
		};
		8C4CB4332C81AF8300B70244 /* Release */ = {
			isa = XCBuildConfiguration;
			buildSettings = {
				CODE_SIGN_ENTITLEMENTS = ShareToWordbook/ShareToWordbook.entitlements;
				CODE_SIGN_STYLE = Automatic;
				CURRENT_PROJECT_VERSION = 1;
				DEVELOPMENT_TEAM = 9RP98KDXQZ;
				GENERATE_INFOPLIST_FILE = YES;
				INFOPLIST_FILE = ShareToWordbook/Info.plist;
				INFOPLIST_KEY_CFBundleDisplayName = ShareToWordbook;
				INFOPLIST_KEY_NSHumanReadableCopyright = "";
				IPHONEOS_DEPLOYMENT_TARGET = 17.4;
				LD_RUNPATH_SEARCH_PATHS = (
					"$(inherited)",
					"@executable_path/Frameworks",
					"@executable_path/../../Frameworks",
				);
				MARKETING_VERSION = 1.0;
				PRODUCT_BUNDLE_IDENTIFIER = "masa-nakajima.Wordbook.ShareToWordbook";
				PRODUCT_NAME = "$(TARGET_NAME)";
				SKIP_INSTALL = YES;
				SWIFT_EMIT_LOC_STRINGS = YES;
				SWIFT_VERSION = 5.0;
				TARGETED_DEVICE_FAMILY = "1,2";
			};
			name = Release;
		};
		8C93DC962C63B84F00B60239 /* Debug */ = {
			isa = XCBuildConfiguration;
			buildSettings = {
				ALWAYS_SEARCH_USER_PATHS = NO;
				ASSETCATALOG_COMPILER_GENERATE_SWIFT_ASSET_SYMBOL_EXTENSIONS = YES;
				CLANG_ANALYZER_NONNULL = YES;
				CLANG_ANALYZER_NUMBER_OBJECT_CONVERSION = YES_AGGRESSIVE;
				CLANG_CXX_LANGUAGE_STANDARD = "gnu++20";
				CLANG_ENABLE_MODULES = YES;
				CLANG_ENABLE_OBJC_ARC = YES;
				CLANG_ENABLE_OBJC_WEAK = YES;
				CLANG_WARN_BLOCK_CAPTURE_AUTORELEASING = YES;
				CLANG_WARN_BOOL_CONVERSION = YES;
				CLANG_WARN_COMMA = YES;
				CLANG_WARN_CONSTANT_CONVERSION = YES;
				CLANG_WARN_DEPRECATED_OBJC_IMPLEMENTATIONS = YES;
				CLANG_WARN_DIRECT_OBJC_ISA_USAGE = YES_ERROR;
				CLANG_WARN_DOCUMENTATION_COMMENTS = YES;
				CLANG_WARN_EMPTY_BODY = YES;
				CLANG_WARN_ENUM_CONVERSION = YES;
				CLANG_WARN_INFINITE_RECURSION = YES;
				CLANG_WARN_INT_CONVERSION = YES;
				CLANG_WARN_NON_LITERAL_NULL_CONVERSION = YES;
				CLANG_WARN_OBJC_IMPLICIT_RETAIN_SELF = YES;
				CLANG_WARN_OBJC_LITERAL_CONVERSION = YES;
				CLANG_WARN_OBJC_ROOT_CLASS = YES_ERROR;
				CLANG_WARN_QUOTED_INCLUDE_IN_FRAMEWORK_HEADER = YES;
				CLANG_WARN_RANGE_LOOP_ANALYSIS = YES;
				CLANG_WARN_STRICT_PROTOTYPES = YES;
				CLANG_WARN_SUSPICIOUS_MOVE = YES;
				CLANG_WARN_UNGUARDED_AVAILABILITY = YES_AGGRESSIVE;
				CLANG_WARN_UNREACHABLE_CODE = YES;
				CLANG_WARN__DUPLICATE_METHOD_MATCH = YES;
				COPY_PHASE_STRIP = NO;
				DEBUG_INFORMATION_FORMAT = dwarf;
				ENABLE_STRICT_OBJC_MSGSEND = YES;
				ENABLE_TESTABILITY = YES;
				ENABLE_USER_SCRIPT_SANDBOXING = YES;
				GCC_C_LANGUAGE_STANDARD = gnu17;
				GCC_DYNAMIC_NO_PIC = NO;
				GCC_NO_COMMON_BLOCKS = YES;
				GCC_OPTIMIZATION_LEVEL = 0;
				GCC_PREPROCESSOR_DEFINITIONS = (
					"DEBUG=1",
					"$(inherited)",
				);
				GCC_WARN_64_TO_32_BIT_CONVERSION = YES;
				GCC_WARN_ABOUT_RETURN_TYPE = YES_ERROR;
				GCC_WARN_UNDECLARED_SELECTOR = YES;
				GCC_WARN_UNINITIALIZED_AUTOS = YES_AGGRESSIVE;
				GCC_WARN_UNUSED_FUNCTION = YES;
				GCC_WARN_UNUSED_VARIABLE = YES;
				IPHONEOS_DEPLOYMENT_TARGET = 17.4;
				LOCALIZATION_PREFERS_STRING_CATALOGS = YES;
				MTL_ENABLE_DEBUG_INFO = INCLUDE_SOURCE;
				MTL_FAST_MATH = YES;
				ONLY_ACTIVE_ARCH = YES;
				SDKROOT = iphoneos;
				SWIFT_ACTIVE_COMPILATION_CONDITIONS = "DEBUG $(inherited)";
				SWIFT_OPTIMIZATION_LEVEL = "-Onone";
			};
			name = Debug;
		};
		8C93DC972C63B84F00B60239 /* Release */ = {
			isa = XCBuildConfiguration;
			buildSettings = {
				ALWAYS_SEARCH_USER_PATHS = NO;
				ASSETCATALOG_COMPILER_GENERATE_SWIFT_ASSET_SYMBOL_EXTENSIONS = YES;
				CLANG_ANALYZER_NONNULL = YES;
				CLANG_ANALYZER_NUMBER_OBJECT_CONVERSION = YES_AGGRESSIVE;
				CLANG_CXX_LANGUAGE_STANDARD = "gnu++20";
				CLANG_ENABLE_MODULES = YES;
				CLANG_ENABLE_OBJC_ARC = YES;
				CLANG_ENABLE_OBJC_WEAK = YES;
				CLANG_WARN_BLOCK_CAPTURE_AUTORELEASING = YES;
				CLANG_WARN_BOOL_CONVERSION = YES;
				CLANG_WARN_COMMA = YES;
				CLANG_WARN_CONSTANT_CONVERSION = YES;
				CLANG_WARN_DEPRECATED_OBJC_IMPLEMENTATIONS = YES;
				CLANG_WARN_DIRECT_OBJC_ISA_USAGE = YES_ERROR;
				CLANG_WARN_DOCUMENTATION_COMMENTS = YES;
				CLANG_WARN_EMPTY_BODY = YES;
				CLANG_WARN_ENUM_CONVERSION = YES;
				CLANG_WARN_INFINITE_RECURSION = YES;
				CLANG_WARN_INT_CONVERSION = YES;
				CLANG_WARN_NON_LITERAL_NULL_CONVERSION = YES;
				CLANG_WARN_OBJC_IMPLICIT_RETAIN_SELF = YES;
				CLANG_WARN_OBJC_LITERAL_CONVERSION = YES;
				CLANG_WARN_OBJC_ROOT_CLASS = YES_ERROR;
				CLANG_WARN_QUOTED_INCLUDE_IN_FRAMEWORK_HEADER = YES;
				CLANG_WARN_RANGE_LOOP_ANALYSIS = YES;
				CLANG_WARN_STRICT_PROTOTYPES = YES;
				CLANG_WARN_SUSPICIOUS_MOVE = YES;
				CLANG_WARN_UNGUARDED_AVAILABILITY = YES_AGGRESSIVE;
				CLANG_WARN_UNREACHABLE_CODE = YES;
				CLANG_WARN__DUPLICATE_METHOD_MATCH = YES;
				COPY_PHASE_STRIP = NO;
				DEBUG_INFORMATION_FORMAT = "dwarf-with-dsym";
				ENABLE_NS_ASSERTIONS = NO;
				ENABLE_STRICT_OBJC_MSGSEND = YES;
				ENABLE_USER_SCRIPT_SANDBOXING = YES;
				GCC_C_LANGUAGE_STANDARD = gnu17;
				GCC_NO_COMMON_BLOCKS = YES;
				GCC_WARN_64_TO_32_BIT_CONVERSION = YES;
				GCC_WARN_ABOUT_RETURN_TYPE = YES_ERROR;
				GCC_WARN_UNDECLARED_SELECTOR = YES;
				GCC_WARN_UNINITIALIZED_AUTOS = YES_AGGRESSIVE;
				GCC_WARN_UNUSED_FUNCTION = YES;
				GCC_WARN_UNUSED_VARIABLE = YES;
				IPHONEOS_DEPLOYMENT_TARGET = 17.4;
				LOCALIZATION_PREFERS_STRING_CATALOGS = YES;
				MTL_ENABLE_DEBUG_INFO = NO;
				MTL_FAST_MATH = YES;
				SDKROOT = iphoneos;
				SWIFT_COMPILATION_MODE = wholemodule;
				VALIDATE_PRODUCT = YES;
			};
			name = Release;
		};
		8C93DC992C63B84F00B60239 /* Debug */ = {
			isa = XCBuildConfiguration;
			buildSettings = {
				ALWAYS_EMBED_SWIFT_STANDARD_LIBRARIES = YES;
				ASSETCATALOG_COMPILER_APPICON_NAME = AppIcon;
				ASSETCATALOG_COMPILER_GLOBAL_ACCENT_COLOR_NAME = AccentColor;
				CODE_SIGN_ENTITLEMENTS = Wordbook/Wordbook.entitlements;
				CODE_SIGN_STYLE = Automatic;
				CURRENT_PROJECT_VERSION = 1;
				DEVELOPMENT_ASSET_PATHS = "\"Wordbook/Preview Content\"";
				DEVELOPMENT_TEAM = 9RP98KDXQZ;
				ENABLE_PREVIEWS = YES;
				ENABLE_USER_SCRIPT_SANDBOXING = NO;
				GENERATE_INFOPLIST_FILE = YES;
				INFOPLIST_KEY_NSCameraUsageDescription = "Wordbook needs camera access.";
				INFOPLIST_KEY_NSPhotoLibraryAddUsageDescription = "Wordbook needs photo library access.";
				INFOPLIST_KEY_NSPhotoLibraryUsageDescription = "Wordbook needs photo library access.";
				INFOPLIST_KEY_UIApplicationSceneManifest_Generation = YES;
				INFOPLIST_KEY_UIApplicationSupportsIndirectInputEvents = YES;
				INFOPLIST_KEY_UILaunchScreen_Generation = YES;
				INFOPLIST_KEY_UISupportedInterfaceOrientations_iPad = "UIInterfaceOrientationPortrait UIInterfaceOrientationPortraitUpsideDown UIInterfaceOrientationLandscapeLeft UIInterfaceOrientationLandscapeRight";
				INFOPLIST_KEY_UISupportedInterfaceOrientations_iPhone = "UIInterfaceOrientationPortrait UIInterfaceOrientationLandscapeLeft UIInterfaceOrientationLandscapeRight";
				IPHONEOS_DEPLOYMENT_TARGET = 17.4;
				LD_RUNPATH_SEARCH_PATHS = (
					"$(inherited)",
					"@executable_path/Frameworks",
				);
				MARKETING_VERSION = 1.0;
				PRODUCT_BUNDLE_IDENTIFIER = "masa-nakajima.Wordbook";
				PRODUCT_NAME = "$(TARGET_NAME)";
				SWIFT_EMIT_LOC_STRINGS = YES;
				SWIFT_VERSION = 5.0;
				TARGETED_DEVICE_FAMILY = "1,2";
			};
			name = Debug;
		};
		8C93DC9A2C63B84F00B60239 /* Release */ = {
			isa = XCBuildConfiguration;
			buildSettings = {
				ALWAYS_EMBED_SWIFT_STANDARD_LIBRARIES = YES;
				ASSETCATALOG_COMPILER_APPICON_NAME = AppIcon;
				ASSETCATALOG_COMPILER_GLOBAL_ACCENT_COLOR_NAME = AccentColor;
				CODE_SIGN_ENTITLEMENTS = Wordbook/Wordbook.entitlements;
				CODE_SIGN_STYLE = Automatic;
				CURRENT_PROJECT_VERSION = 1;
				DEVELOPMENT_ASSET_PATHS = "\"Wordbook/Preview Content\"";
				DEVELOPMENT_TEAM = 9RP98KDXQZ;
				ENABLE_PREVIEWS = YES;
				ENABLE_USER_SCRIPT_SANDBOXING = NO;
				GENERATE_INFOPLIST_FILE = YES;
				INFOPLIST_KEY_NSCameraUsageDescription = "Wordbook needs camera access.";
				INFOPLIST_KEY_NSPhotoLibraryAddUsageDescription = "Wordbook needs photo library access.";
				INFOPLIST_KEY_NSPhotoLibraryUsageDescription = "Wordbook needs photo library access.";
				INFOPLIST_KEY_UIApplicationSceneManifest_Generation = YES;
				INFOPLIST_KEY_UIApplicationSupportsIndirectInputEvents = YES;
				INFOPLIST_KEY_UILaunchScreen_Generation = YES;
				INFOPLIST_KEY_UISupportedInterfaceOrientations_iPad = "UIInterfaceOrientationPortrait UIInterfaceOrientationPortraitUpsideDown UIInterfaceOrientationLandscapeLeft UIInterfaceOrientationLandscapeRight";
				INFOPLIST_KEY_UISupportedInterfaceOrientations_iPhone = "UIInterfaceOrientationPortrait UIInterfaceOrientationLandscapeLeft UIInterfaceOrientationLandscapeRight";
				IPHONEOS_DEPLOYMENT_TARGET = 17.4;
				LD_RUNPATH_SEARCH_PATHS = (
					"$(inherited)",
					"@executable_path/Frameworks",
				);
				MARKETING_VERSION = 1.0;
				PRODUCT_BUNDLE_IDENTIFIER = "masa-nakajima.Wordbook";
				PRODUCT_NAME = "$(TARGET_NAME)";
				SWIFT_EMIT_LOC_STRINGS = YES;
				SWIFT_VERSION = 5.0;
				TARGETED_DEVICE_FAMILY = "1,2";
			};
			name = Release;
		};
		8C93DC9C2C63B84F00B60239 /* Debug */ = {
			isa = XCBuildConfiguration;
			buildSettings = {
				ALWAYS_EMBED_SWIFT_STANDARD_LIBRARIES = YES;
				BUNDLE_LOADER = "$(TEST_HOST)";
				CODE_SIGN_STYLE = Automatic;
				CURRENT_PROJECT_VERSION = 1;
				GENERATE_INFOPLIST_FILE = YES;
				IPHONEOS_DEPLOYMENT_TARGET = 17.4;
				MARKETING_VERSION = 1.0;
				PRODUCT_BUNDLE_IDENTIFIER = "masa-nakajima.WordbookTests";
				PRODUCT_NAME = "$(TARGET_NAME)";
				SWIFT_EMIT_LOC_STRINGS = NO;
				SWIFT_VERSION = 5.0;
				TARGETED_DEVICE_FAMILY = "1,2";
				TEST_HOST = "$(BUILT_PRODUCTS_DIR)/Wordbook.app/$(BUNDLE_EXECUTABLE_FOLDER_PATH)/Wordbook";
			};
			name = Debug;
		};
		8C93DC9D2C63B84F00B60239 /* Release */ = {
			isa = XCBuildConfiguration;
			buildSettings = {
				ALWAYS_EMBED_SWIFT_STANDARD_LIBRARIES = YES;
				BUNDLE_LOADER = "$(TEST_HOST)";
				CODE_SIGN_STYLE = Automatic;
				CURRENT_PROJECT_VERSION = 1;
				GENERATE_INFOPLIST_FILE = YES;
				IPHONEOS_DEPLOYMENT_TARGET = 17.4;
				MARKETING_VERSION = 1.0;
				PRODUCT_BUNDLE_IDENTIFIER = "masa-nakajima.WordbookTests";
				PRODUCT_NAME = "$(TARGET_NAME)";
				SWIFT_EMIT_LOC_STRINGS = NO;
				SWIFT_VERSION = 5.0;
				TARGETED_DEVICE_FAMILY = "1,2";
				TEST_HOST = "$(BUILT_PRODUCTS_DIR)/Wordbook.app/$(BUNDLE_EXECUTABLE_FOLDER_PATH)/Wordbook";
			};
			name = Release;
		};
		8C93DC9F2C63B84F00B60239 /* Debug */ = {
			isa = XCBuildConfiguration;
			buildSettings = {
				ALWAYS_EMBED_SWIFT_STANDARD_LIBRARIES = YES;
				CODE_SIGN_STYLE = Automatic;
				CURRENT_PROJECT_VERSION = 1;
				GENERATE_INFOPLIST_FILE = YES;
				IPHONEOS_DEPLOYMENT_TARGET = 17.4;
				MARKETING_VERSION = 1.0;
				PRODUCT_BUNDLE_IDENTIFIER = "masa-nakajima.WordbookUITests";
				PRODUCT_NAME = "$(TARGET_NAME)";
				SWIFT_EMIT_LOC_STRINGS = NO;
				SWIFT_VERSION = 5.0;
				TARGETED_DEVICE_FAMILY = "1,2";
				TEST_TARGET_NAME = Wordbook;
			};
			name = Debug;
		};
		8C93DCA02C63B84F00B60239 /* Release */ = {
			isa = XCBuildConfiguration;
			buildSettings = {
				ALWAYS_EMBED_SWIFT_STANDARD_LIBRARIES = YES;
				CODE_SIGN_STYLE = Automatic;
				CURRENT_PROJECT_VERSION = 1;
				GENERATE_INFOPLIST_FILE = YES;
				IPHONEOS_DEPLOYMENT_TARGET = 17.4;
				MARKETING_VERSION = 1.0;
				PRODUCT_BUNDLE_IDENTIFIER = "masa-nakajima.WordbookUITests";
				PRODUCT_NAME = "$(TARGET_NAME)";
				SWIFT_EMIT_LOC_STRINGS = NO;
				SWIFT_VERSION = 5.0;
				TARGETED_DEVICE_FAMILY = "1,2";
				TEST_TARGET_NAME = Wordbook;
			};
			name = Release;
		};
/* End XCBuildConfiguration section */

/* Begin XCConfigurationList section */
		8C4CB4312C81AF8300B70244 /* Build configuration list for PBXNativeTarget "ShareToWordbook" */ = {
			isa = XCConfigurationList;
			buildConfigurations = (
				8C4CB4322C81AF8300B70244 /* Debug */,
				8C4CB4332C81AF8300B70244 /* Release */,
			);
			defaultConfigurationIsVisible = 0;
			defaultConfigurationName = Release;
		};
		8C93DC6D2C63B84D00B60239 /* Build configuration list for PBXProject "Wordbook" */ = {
			isa = XCConfigurationList;
			buildConfigurations = (
				8C93DC962C63B84F00B60239 /* Debug */,
				8C93DC972C63B84F00B60239 /* Release */,
			);
			defaultConfigurationIsVisible = 0;
			defaultConfigurationName = Release;
		};
		8C93DC982C63B84F00B60239 /* Build configuration list for PBXNativeTarget "Wordbook" */ = {
			isa = XCConfigurationList;
			buildConfigurations = (
				8C93DC992C63B84F00B60239 /* Debug */,
				8C93DC9A2C63B84F00B60239 /* Release */,
			);
			defaultConfigurationIsVisible = 0;
			defaultConfigurationName = Release;
		};
		8C93DC9B2C63B84F00B60239 /* Build configuration list for PBXNativeTarget "WordbookTests" */ = {
			isa = XCConfigurationList;
			buildConfigurations = (
				8C93DC9C2C63B84F00B60239 /* Debug */,
				8C93DC9D2C63B84F00B60239 /* Release */,
			);
			defaultConfigurationIsVisible = 0;
			defaultConfigurationName = Release;
		};
		8C93DC9E2C63B84F00B60239 /* Build configuration list for PBXNativeTarget "WordbookUITests" */ = {
			isa = XCConfigurationList;
			buildConfigurations = (
				8C93DC9F2C63B84F00B60239 /* Debug */,
				8C93DCA02C63B84F00B60239 /* Release */,
			);
			defaultConfigurationIsVisible = 0;
			defaultConfigurationName = Release;
		};
/* End XCConfigurationList section */

/* Begin XCRemoteSwiftPackageReference section */
		0228E6782CC899B200359D2A /* XCRemoteSwiftPackageReference "LicensePlist" */ = {
			isa = XCRemoteSwiftPackageReference;
			repositoryURL = "https://github.com/mono0926/LicensePlist";
			requirement = {
				kind = upToNextMajorVersion;
				minimumVersion = 3.25.1;
			};
		};
		8C3590EB2C68F58F00292565 /* XCRemoteSwiftPackageReference "mlx-swift" */ = {
			isa = XCRemoteSwiftPackageReference;
			repositoryURL = "https://github.com/ml-explore/mlx-swift";
			requirement = {
				kind = upToNextMajorVersion;
				minimumVersion = 0.16.0;
			};
		};
		8C3590F02C68F64300292565 /* XCRemoteSwiftPackageReference "mlx-swift-examples" */ = {
			isa = XCRemoteSwiftPackageReference;
			repositoryURL = "https://github.com/ml-explore/mlx-swift-examples/";
			requirement = {
				kind = upToNextMajorVersion;
				minimumVersion = 1.16.0;
			};
		};
		8CC1394B2C7CA67600700DF9 /* XCRemoteSwiftPackageReference "GRDB.swift" */ = {
			isa = XCRemoteSwiftPackageReference;
			repositoryURL = "https://github.com/groue/GRDB.swift.git";
			requirement = {
				branch = master;
				kind = branch;
			};
		};
/* End XCRemoteSwiftPackageReference section */

/* Begin XCSwiftPackageProductDependency section */
		0228E67B2CC8A19300359D2A /* LicensePlistBuildTool */ = {
			isa = XCSwiftPackageProductDependency;
			package = 0228E6782CC899B200359D2A /* XCRemoteSwiftPackageReference "LicensePlist" */;
			productName = "plugin:LicensePlistBuildTool";
		};
		8C3590EC2C68F58F00292565 /* MLX */ = {
			isa = XCSwiftPackageProductDependency;
			package = 8C3590EB2C68F58F00292565 /* XCRemoteSwiftPackageReference "mlx-swift" */;
			productName = MLX;
		};
		8C3590EE2C68F58F00292565 /* MLXRandom */ = {
			isa = XCSwiftPackageProductDependency;
			package = 8C3590EB2C68F58F00292565 /* XCRemoteSwiftPackageReference "mlx-swift" */;
			productName = MLXRandom;
		};
		8C3590F12C68F64300292565 /* LLM */ = {
			isa = XCSwiftPackageProductDependency;
			package = 8C3590F02C68F64300292565 /* XCRemoteSwiftPackageReference "mlx-swift-examples" */;
			productName = LLM;
		};
		8C91A28A2C8769FE00EFD5B2 /* GRDB */ = {
			isa = XCSwiftPackageProductDependency;
			package = 8CC1394B2C7CA67600700DF9 /* XCRemoteSwiftPackageReference "GRDB.swift" */;
			productName = GRDB;
		};
		8CC1394C2C7CA67600700DF9 /* GRDB */ = {
			isa = XCSwiftPackageProductDependency;
			package = 8CC1394B2C7CA67600700DF9 /* XCRemoteSwiftPackageReference "GRDB.swift" */;
			productName = GRDB;
		};
/* End XCSwiftPackageProductDependency section */
	};
	rootObject = 8C93DC6A2C63B84D00B60239 /* Project object */;
}
